
Microsoft Visual Studio Solution File, Format Version 12.00
# Visual Studio 15
VisualStudioVersion = 15.0.28307.539
MinimumVisualStudioVersion = 10.0.40219.1
Project("{FAE04EC0-301F-11D3-BF4B-00C04F79EFBC}") = "Notes.Android", "Notes\Notes.Android\Notes.Android.csproj", "{213534C6-A94B-43F2-9621-B5184D9CA174}"
EndProject
Project("{FAE04EC0-301F-11D3-BF4B-00C04F79EFBC}") = "Notes.iOS", "Notes\Notes.iOS\Notes.iOS.csproj", "{A3EE61F6-AB90-47A4-8DB8-42C33EE2ADCC}"
EndProject
Project("{FAE04EC0-301F-11D3-BF4B-00C04F79EFBC}") = "Notes", "Notes\Notes\Notes.csproj", "{7EB9CA1C-65D0-42D1-8E8C-CA31B4152683}"
EndProject
Global
	GlobalSection(SolutionConfigurationPlatforms) = preSolution
		Ad-Hoc|Any CPU = Ad-Hoc|Any CPU
		Ad-Hoc|iPhone = Ad-Hoc|iPhone
		Ad-Hoc|iPhoneSimulator = Ad-Hoc|iPhoneSimulator
		AppStore|Any CPU = AppStore|Any CPU
		AppStore|iPhone = AppStore|iPhone
		AppStore|iPhoneSimulator = AppStore|iPhoneSimulator
		Debug|Any CPU = Debug|Any CPU
		Debug|iPhone = Debug|iPhone
		Debug|iPhoneSimulator = Debug|iPhoneSimulator
		Release|Any CPU = Release|Any CPU
		Release|iPhone = Release|iPhone
		Release|iPhoneSimulator = Release|iPhoneSimulator
	EndGlobalSection
	GlobalSection(ProjectConfigurationPlatforms) = postSolution
		{213534C6-A94B-43F2-9621-B5184D9CA174}.Ad-Hoc|Any CPU.ActiveCfg = Release|Any CPU
		{213534C6-A94B-43F2-9621-B5184D9CA174}.Ad-Hoc|Any CPU.Build.0 = Release|Any CPU
		{213534C6-A94B-43F2-9621-B5184D9CA174}.Ad-Hoc|Any CPU.Deploy.0 = Release|Any CPU
		{213534C6-A94B-43F2-9621-B5184D9CA174}.Ad-Hoc|iPhone.ActiveCfg = Release|Any CPU
		{213534C6-A94B-43F2-9621-B5184D9CA174}.Ad-Hoc|iPhone.Build.0 = Release|Any CPU
		{213534C6-A94B-43F2-9621-B5184D9CA174}.Ad-Hoc|iPhone.Deploy.0 = Release|Any CPU
		{213534C6-A94B-43F2-9621-B5184D9CA174}.Ad-Hoc|iPhoneSimulator.ActiveCfg = Release|Any CPU
		{213534C6-A94B-43F2-9621-B5184D9CA174}.Ad-Hoc|iPhoneSimulator.Build.0 = Release|Any CPU
		{213534C6-A94B-43F2-9621-B5184D9CA174}.Ad-Hoc|iPhoneSimulator.Deploy.0 = Release|Any CPU
		{213534C6-A94B-43F2-9621-B5184D9CA174}.AppStore|Any CPU.ActiveCfg = Release|Any CPU
		{213534C6-A94B-43F2-9621-B5184D9CA174}.AppStore|Any CPU.Build.0 = Release|Any CPU
		{213534C6-A94B-43F2-9621-B5184D9CA174}.AppStore|Any CPU.Deploy.0 = Release|Any CPU
		{213534C6-A94B-43F2-9621-B5184D9CA174}.AppStore|iPhone.ActiveCfg = Release|Any CPU
		{213534C6-A94B-43F2-9621-B5184D9CA174}.AppStore|iPhone.Build.0 = Release|Any CPU
		{213534C6-A94B-43F2-9621-B5184D9CA174}.AppStore|iPhone.Deploy.0 = Release|Any CPU
		{213534C6-A94B-43F2-9621-B5184D9CA174}.AppStore|iPhoneSimulator.ActiveCfg = Release|Any CPU
		{213534C6-A94B-43F2-9621-B5184D9CA174}.AppStore|iPhoneSimulator.Build.0 = Release|Any CPU
		{213534C6-A94B-43F2-9621-B5184D9CA174}.AppStore|iPhoneSimulator.Deploy.0 = Release|Any CPU
		{213534C6-A94B-43F2-9621-B5184D9CA174}.Debug|Any CPU.ActiveCfg = Debug|Any CPU
		{213534C6-A94B-43F2-9621-B5184D9CA174}.Debug|Any CPU.Build.0 = Debug|Any CPU
		{213534C6-A94B-43F2-9621-B5184D9CA174}.Debug|Any CPU.Deploy.0 = Debug|Any CPU
		{213534C6-A94B-43F2-9621-B5184D9CA174}.Debug|iPhone.ActiveCfg = Debug|Any CPU
		{213534C6-A94B-43F2-9621-B5184D9CA174}.Debug|iPhone.Build.0 = Debug|Any CPU
		{213534C6-A94B-43F2-9621-B5184D9CA174}.Debug|iPhone.Deploy.0 = Debug|Any CPU
		{213534C6-A94B-43F2-9621-B5184D9CA174}.Debug|iPhoneSimulator.ActiveCfg = Debug|Any CPU
		{213534C6-A94B-43F2-9621-B5184D9CA174}.Debug|iPhoneSimulator.Build.0 = Debug|Any CPU
		{213534C6-A94B-43F2-9621-B5184D9CA174}.Debug|iPhoneSimulator.Deploy.0 = Debug|Any CPU
		{213534C6-A94B-43F2-9621-B5184D9CA174}.Release|Any CPU.ActiveCfg = Release|Any CPU
		{213534C6-A94B-43F2-9621-B5184D9CA174}.Release|Any CPU.Build.0 = Release|Any CPU
		{213534C6-A94B-43F2-9621-B5184D9CA174}.Release|Any CPU.Deploy.0 = Release|Any CPU
		{213534C6-A94B-43F2-9621-B5184D9CA174}.Release|iPhone.ActiveCfg = Release|Any CPU
		{213534C6-A94B-43F2-9621-B5184D9CA174}.Release|iPhone.Build.0 = Release|Any CPU
		{213534C6-A94B-43F2-9621-B5184D9CA174}.Release|iPhone.Deploy.0 = Release|Any CPU
		{213534C6-A94B-43F2-9621-B5184D9CA174}.Release|iPhoneSimulator.ActiveCfg = Release|Any CPU
		{213534C6-A94B-43F2-9621-B5184D9CA174}.Release|iPhoneSimulator.Build.0 = Release|Any CPU
		{213534C6-A94B-43F2-9621-B5184D9CA174}.Release|iPhoneSimulator.Deploy.0 = Release|Any CPU
		{A3EE61F6-AB90-47A4-8DB8-42C33EE2ADCC}.Ad-Hoc|Any CPU.ActiveCfg = Ad-Hoc|iPhone
		{A3EE61F6-AB90-47A4-8DB8-42C33EE2ADCC}.Ad-Hoc|Any CPU.Build.0 = Ad-Hoc|iPhone
		{A3EE61F6-AB90-47A4-8DB8-42C33EE2ADCC}.Ad-Hoc|Any CPU.Deploy.0 = Ad-Hoc|iPhone
		{A3EE61F6-AB90-47A4-8DB8-42C33EE2ADCC}.Ad-Hoc|iPhone.ActiveCfg = Ad-Hoc|iPhone
		{A3EE61F6-AB90-47A4-8DB8-42C33EE2ADCC}.Ad-Hoc|iPhone.Build.0 = Ad-Hoc|iPhone
		{A3EE61F6-AB90-47A4-8DB8-42C33EE2ADCC}.Ad-Hoc|iPhone.Deploy.0 = Ad-Hoc|iPhone
		{A3EE61F6-AB90-47A4-8DB8-42C33EE2ADCC}.Ad-Hoc|iPhoneSimulator.ActiveCfg = Ad-Hoc|iPhoneSimulator
		{A3EE61F6-AB90-47A4-8DB8-42C33EE2ADCC}.Ad-Hoc|iPhoneSimulator.Build.0 = Ad-Hoc|iPhoneSimulator
		{A3EE61F6-AB90-47A4-8DB8-42C33EE2ADCC}.Ad-Hoc|iPhoneSimulator.Deploy.0 = Ad-Hoc|iPhoneSimulator
		{A3EE61F6-AB90-47A4-8DB8-42C33EE2ADCC}.AppStore|Any CPU.ActiveCfg = AppStore|iPhone
		{A3EE61F6-AB90-47A4-8DB8-42C33EE2ADCC}.AppStore|Any CPU.Build.0 = AppStore|iPhone
		{A3EE61F6-AB90-47A4-8DB8-42C33EE2ADCC}.AppStore|Any CPU.Deploy.0 = AppStore|iPhone
		{A3EE61F6-AB90-47A4-8DB8-42C33EE2ADCC}.AppStore|iPhone.ActiveCfg = AppStore|iPhone
		{A3EE61F6-AB90-47A4-8DB8-42C33EE2ADCC}.AppStore|iPhone.Build.0 = AppStore|iPhone
		{A3EE61F6-AB90-47A4-8DB8-42C33EE2ADCC}.AppStore|iPhone.Deploy.0 = AppStore|iPhone
		{A3EE61F6-AB90-47A4-8DB8-42C33EE2ADCC}.AppStore|iPhoneSimulator.ActiveCfg = AppStore|iPhoneSimulator
		{A3EE61F6-AB90-47A4-8DB8-42C33EE2ADCC}.AppStore|iPhoneSimulator.Build.0 = AppStore|iPhoneSimulator
		{A3EE61F6-AB90-47A4-8DB8-42C33EE2ADCC}.AppStore|iPhoneSimulator.Deploy.0 = AppStore|iPhoneSimulator
		{A3EE61F6-AB90-47A4-8DB8-42C33EE2ADCC}.Debug|Any CPU.ActiveCfg = Debug|iPhoneSimulator
		{A3EE61F6-AB90-47A4-8DB8-42C33EE2ADCC}.Debug|Any CPU.Build.0 = Debug|iPhoneSimulator
		{A3EE61F6-AB90-47A4-8DB8-42C33EE2ADCC}.Debug|Any CPU.Deploy.0 = Debug|iPhoneSimulator
		{A3EE61F6-AB90-47A4-8DB8-42C33EE2ADCC}.Debug|iPhone.ActiveCfg = Debug|iPhone
		{A3EE61F6-AB90-47A4-8DB8-42C33EE2ADCC}.Debug|iPhone.Build.0 = Debug|iPhone
		{A3EE61F6-AB90-47A4-8DB8-42C33EE2ADCC}.Debug|iPhone.Deploy.0 = Debug|iPhone
		{A3EE61F6-AB90-47A4-8DB8-42C33EE2ADCC}.Debug|iPhoneSimulator.ActiveCfg = Debug|iPhoneSimulator
		{A3EE61F6-AB90-47A4-8DB8-42C33EE2ADCC}.Debug|iPhoneSimulator.Build.0 = Debug|iPhoneSimulator
		{A3EE61F6-AB90-47A4-8DB8-42C33EE2ADCC}.Debug|iPhoneSimulator.Deploy.0 = Debug|iPhoneSimulator
		{A3EE61F6-AB90-47A4-8DB8-42C33EE2ADCC}.Release|Any CPU.ActiveCfg = Release|iPhone
		{A3EE61F6-AB90-47A4-8DB8-42C33EE2ADCC}.Release|Any CPU.Build.0 = Release|iPhone
		{A3EE61F6-AB90-47A4-8DB8-42C33EE2ADCC}.Release|Any CPU.Deploy.0 = Release|iPhone
		{A3EE61F6-AB90-47A4-8DB8-42C33EE2ADCC}.Release|iPhone.ActiveCfg = Release|iPhone
		{A3EE61F6-AB90-47A4-8DB8-42C33EE2ADCC}.Release|iPhone.Build.0 = Release|iPhone
		{A3EE61F6-AB90-47A4-8DB8-42C33EE2ADCC}.Release|iPhone.Deploy.0 = Release|iPhone
		{A3EE61F6-AB90-47A4-8DB8-42C33EE2ADCC}.Release|iPhoneSimulator.ActiveCfg = Release|iPhoneSimulator
		{A3EE61F6-AB90-47A4-8DB8-42C33EE2ADCC}.Release|iPhoneSimulator.Build.0 = Release|iPhoneSimulator
		{A3EE61F6-AB90-47A4-8DB8-42C33EE2ADCC}.Release|iPhoneSimulator.Deploy.0 = Release|iPhoneSimulator
		{7EB9CA1C-65D0-42D1-8E8C-CA31B4152683}.Ad-Hoc|Any CPU.ActiveCfg = Debug|Any CPU
		{7EB9CA1C-65D0-42D1-8E8C-CA31B4152683}.Ad-Hoc|Any CPU.Build.0 = Debug|Any CPU
		{7EB9CA1C-65D0-42D1-8E8C-CA31B4152683}.Ad-Hoc|Any CPU.Deploy.0 = Debug|Any CPU
		{7EB9CA1C-65D0-42D1-8E8C-CA31B4152683}.Ad-Hoc|iPhone.ActiveCfg = Debug|Any CPU
		{7EB9CA1C-65D0-42D1-8E8C-CA31B4152683}.Ad-Hoc|iPhone.Build.0 = Debug|Any CPU
		{7EB9CA1C-65D0-42D1-8E8C-CA31B4152683}.Ad-Hoc|iPhone.Deploy.0 = Debug|Any CPU
		{7EB9CA1C-65D0-42D1-8E8C-CA31B4152683}.Ad-Hoc|iPhoneSimulator.ActiveCfg = Debug|Any CPU
		{7EB9CA1C-65D0-42D1-8E8C-CA31B4152683}.Ad-Hoc|iPhoneSimulator.Build.0 = Debug|Any CPU
		{7EB9CA1C-65D0-42D1-8E8C-CA31B4152683}.Ad-Hoc|iPhoneSimulator.Deploy.0 = Debug|Any CPU
		{7EB9CA1C-65D0-42D1-8E8C-CA31B4152683}.AppStore|Any CPU.ActiveCfg = Debug|Any CPU
		{7EB9CA1C-65D0-42D1-8E8C-CA31B4152683}.AppStore|Any CPU.Build.0 = Debug|Any CPU
		{7EB9CA1C-65D0-42D1-8E8C-CA31B4152683}.AppStore|Any CPU.Deploy.0 = Debug|Any CPU
		{7EB9CA1C-65D0-42D1-8E8C-CA31B4152683}.AppStore|iPhone.ActiveCfg = Debug|Any CPU
		{7EB9CA1C-65D0-42D1-8E8C-CA31B4152683}.AppStore|iPhone.Build.0 = Debug|Any CPU
		{7EB9CA1C-65D0-42D1-8E8C-CA31B4152683}.AppStore|iPhone.Deploy.0 = Debug|Any CPU
		{7EB9CA1C-65D0-42D1-8E8C-CA31B4152683}.AppStore|iPhoneSimulator.ActiveCfg = Debug|Any CPU
		{7EB9CA1C-65D0-42D1-8E8C-CA31B4152683}.AppStore|iPhoneSimulator.Build.0 = Debug|Any CPU
		{7EB9CA1C-65D0-42D1-8E8C-CA31B4152683}.AppStore|iPhoneSimulator.Deploy.0 = Debug|Any CPU
		{7EB9CA1C-65D0-42D1-8E8C-CA31B4152683}.Debug|Any CPU.ActiveCfg = Debug|Any CPU
		{7EB9CA1C-65D0-42D1-8E8C-CA31B4152683}.Debug|Any CPU.Build.0 = Debug|Any CPU
		{7EB9CA1C-65D0-42D1-8E8C-CA31B4152683}.Debug|Any CPU.Deploy.0 = Debug|Any CPU
		{7EB9CA1C-65D0-42D1-8E8C-CA31B4152683}.Debug|iPhone.ActiveCfg = Debug|Any CPU
		{7EB9CA1C-65D0-42D1-8E8C-CA31B4152683}.Debug|iPhone.Build.0 = Debug|Any CPU
		{7EB9CA1C-65D0-42D1-8E8C-CA31B4152683}.Debug|iPhone.Deploy.0 = Debug|Any CPU
		{7EB9CA1C-65D0-42D1-8E8C-CA31B4152683}.Debug|iPhoneSimulator.ActiveCfg = Debug|Any CPU
		{7EB9CA1C-65D0-42D1-8E8C-CA31B4152683}.Debug|iPhoneSimulator.Build.0 = Debug|Any CPU
		{7EB9CA1C-65D0-42D1-8E8C-CA31B4152683}.Debug|iPhoneSimulator.Deploy.0 = Debug|Any CPU
		{7EB9CA1C-65D0-42D1-8E8C-CA31B4152683}.Release|Any CPU.ActiveCfg = Release|Any CPU
		{7EB9CA1C-65D0-42D1-8E8C-CA31B4152683}.Release|Any CPU.Build.0 = Release|Any CPU
		{7EB9CA1C-65D0-42D1-8E8C-CA31B4152683}.Release|Any CPU.Deploy.0 = Release|Any CPU
		{7EB9CA1C-65D0-42D1-8E8C-CA31B4152683}.Release|iPhone.ActiveCfg = Release|Any CPU
		{7EB9CA1C-65D0-42D1-8E8C-CA31B4152683}.Release|iPhone.Build.0 = Release|Any CPU
		{7EB9CA1C-65D0-42D1-8E8C-CA31B4152683}.Release|iPhone.Deploy.0 = Release|Any CPU
		{7EB9CA1C-65D0-42D1-8E8C-CA31B4152683}.Release|iPhoneSimulator.ActiveCfg = Release|Any CPU
		{7EB9CA1C-65D0-42D1-8E8C-CA31B4152683}.Release|iPhoneSimulator.Build.0 = Release|Any CPU
		{7EB9CA1C-65D0-42D1-8E8C-CA31B4152683}.Release|iPhoneSimulator.Deploy.0 = Release|Any CPU
	EndGlobalSection
	GlobalSection(SolutionProperties) = preSolution
		HideSolutionNode = FALSE
	EndGlobalSection
	GlobalSection(ExtensibilityGlobals) = postSolution
		SolutionGuid = {6506F3B3-DB5D-43AF-A16A-6083768598CD}
	EndGlobalSection
EndGlobal
